
Microsoft Visual Studio Solution File, Format Version 12.00
# Visual Studio 15
VisualStudioVersion = 15.0.26430.6
MinimumVisualStudioVersion = 10.0.40219.1
Project("{FAE04EC0-301F-11D3-BF4B-00C04F79EFBC}") = "LocationCapture.DAL.Sqlite", "LocationCapture.DAL.Sqlite\LocationCapture.DAL.Sqlite.csproj", "{6807C35E-ECC9-4E43-9273-F09CE6870C4C}"
EndProject
Project("{2150E333-8FDC-42A3-9474-1A3956D46DE8}") = "Tests", "Tests", "{44790559-6025-43FB-83EF-824F8FF55D7D}"
EndProject
Project("{9A19103F-16F7-4668-BE54-9A1E7A4F7556}") = "LocationCapture", "LocationCapture\LocationCapture.csproj", "{42CF5480-5208-45B3-9B3C-3F418AE91D55}"
EndProject
Project("{9A19103F-16F7-4668-BE54-9A1E7A4F7556}") = "LocationCapture.BL", "LocationCapture.BL\LocationCapture.BL.csproj", "{EF536292-EB53-45B8-8C36-470AD71B0ABB}"
EndProject
Project("{FAE04EC0-301F-11D3-BF4B-00C04F79EFBC}") = "LocationCapture.Client.UWP", "LocationCapture.Client.UWP\LocationCapture.Client.UWP.csproj", "{891F3E0A-D3D1-4562-9BC8-18989C0F6D62}"
EndProject
Project("{9A19103F-16F7-4668-BE54-9A1E7A4F7556}") = "LocationCapture.WebAPI", "LocationCapture.WebAPI\LocationCapture.WebAPI.csproj", "{D17F9494-1C1D-4545-BF2B-70B7DA5F11CA}"
EndProject
Project("{9A19103F-16F7-4668-BE54-9A1E7A4F7556}") = "LocationCapture.DAL", "LocationCapture.DAL\LocationCapture.DAL.csproj", "{5376BD9C-DBF6-468F-BD22-8762071A96D9}"
EndProject
Project("{9A19103F-16F7-4668-BE54-9A1E7A4F7556}") = "LocationCapture.DAL.SqlServer", "LocationCapture.DAL.SqlServer\LocationCapture.DAL.SqlServer.csproj", "{93CD9F31-5BBC-421A-9DA8-D46F10C44686}"
EndProject
Project("{9A19103F-16F7-4668-BE54-9A1E7A4F7556}") = "LocationCapture.WebAPI.UnitTests", "LocationCapture.WebAPI.UnitTests\LocationCapture.WebAPI.UnitTests.csproj", "{E458322F-D596-42CB-9CBE-6AC6C6353D1B}"
EndProject
Project("{9A19103F-16F7-4668-BE54-9A1E7A4F7556}") = "LocationCapture.BL.UnitTests", "LocationCapture.BL.UnitTests\LocationCapture.BL.UnitTests.csproj", "{58D0E0F6-9DBD-4290-AA11-A79F6F149E2D}"
EndProject
Project("{FAE04EC0-301F-11D3-BF4B-00C04F79EFBC}") = "LocationCapture.Client.MVVM", "LocationCapture.Client.MVVM\LocationCapture.Client.MVVM.csproj", "{21C850FB-D78A-4DD2-9A89-56BB94B1B034}"
EndProject
Project("{FAE04EC0-301F-11D3-BF4B-00C04F79EFBC}") = "LocationCapture.Client.MVVM.UnitTests", "LocationCapture.Client.MVVM.UnitTests\LocationCapture.Client.MVVM.UnitTests.csproj", "{FE9C95DE-7EEE-452D-987A-CDD7F84667E0}"
EndProject
Global
	GlobalSection(SolutionConfigurationPlatforms) = preSolution
		Debug|Any CPU = Debug|Any CPU
		Debug|ARM = Debug|ARM
		Debug|x64 = Debug|x64
		Debug|x86 = Debug|x86
		Release|Any CPU = Release|Any CPU
		Release|ARM = Release|ARM
		Release|x64 = Release|x64
		Release|x86 = Release|x86
	EndGlobalSection
	GlobalSection(ProjectConfigurationPlatforms) = postSolution
		{6807C35E-ECC9-4E43-9273-F09CE6870C4C}.Debug|Any CPU.ActiveCfg = Debug|Any CPU
		{6807C35E-ECC9-4E43-9273-F09CE6870C4C}.Debug|Any CPU.Build.0 = Debug|Any CPU
		{6807C35E-ECC9-4E43-9273-F09CE6870C4C}.Debug|ARM.ActiveCfg = Debug|ARM
		{6807C35E-ECC9-4E43-9273-F09CE6870C4C}.Debug|ARM.Build.0 = Debug|ARM
		{6807C35E-ECC9-4E43-9273-F09CE6870C4C}.Debug|x64.ActiveCfg = Debug|x64
		{6807C35E-ECC9-4E43-9273-F09CE6870C4C}.Debug|x64.Build.0 = Debug|x64
		{6807C35E-ECC9-4E43-9273-F09CE6870C4C}.Debug|x86.ActiveCfg = Debug|x86
		{6807C35E-ECC9-4E43-9273-F09CE6870C4C}.Debug|x86.Build.0 = Debug|x86
		{6807C35E-ECC9-4E43-9273-F09CE6870C4C}.Release|Any CPU.ActiveCfg = Release|Any CPU
		{6807C35E-ECC9-4E43-9273-F09CE6870C4C}.Release|Any CPU.Build.0 = Release|Any CPU
		{6807C35E-ECC9-4E43-9273-F09CE6870C4C}.Release|ARM.ActiveCfg = Release|ARM
		{6807C35E-ECC9-4E43-9273-F09CE6870C4C}.Release|ARM.Build.0 = Release|ARM
		{6807C35E-ECC9-4E43-9273-F09CE6870C4C}.Release|x64.ActiveCfg = Release|x64
		{6807C35E-ECC9-4E43-9273-F09CE6870C4C}.Release|x64.Build.0 = Release|x64
		{6807C35E-ECC9-4E43-9273-F09CE6870C4C}.Release|x86.ActiveCfg = Release|x86
		{6807C35E-ECC9-4E43-9273-F09CE6870C4C}.Release|x86.Build.0 = Release|x86
		{42CF5480-5208-45B3-9B3C-3F418AE91D55}.Debug|Any CPU.ActiveCfg = Debug|Any CPU
		{42CF5480-5208-45B3-9B3C-3F418AE91D55}.Debug|Any CPU.Build.0 = Debug|Any CPU
		{42CF5480-5208-45B3-9B3C-3F418AE91D55}.Debug|ARM.ActiveCfg = Debug|Any CPU
		{42CF5480-5208-45B3-9B3C-3F418AE91D55}.Debug|ARM.Build.0 = Debug|Any CPU
		{42CF5480-5208-45B3-9B3C-3F418AE91D55}.Debug|x64.ActiveCfg = Debug|Any CPU
		{42CF5480-5208-45B3-9B3C-3F418AE91D55}.Debug|x64.Build.0 = Debug|Any CPU
		{42CF5480-5208-45B3-9B3C-3F418AE91D55}.Debug|x86.ActiveCfg = Debug|Any CPU
		{42CF5480-5208-45B3-9B3C-3F418AE91D55}.Debug|x86.Build.0 = Debug|Any CPU
		{42CF5480-5208-45B3-9B3C-3F418AE91D55}.Release|Any CPU.ActiveCfg = Release|Any CPU
		{42CF5480-5208-45B3-9B3C-3F418AE91D55}.Release|Any CPU.Build.0 = Release|Any CPU
		{42CF5480-5208-45B3-9B3C-3F418AE91D55}.Release|ARM.ActiveCfg = Release|Any CPU
		{42CF5480-5208-45B3-9B3C-3F418AE91D55}.Release|ARM.Build.0 = Release|Any CPU
		{42CF5480-5208-45B3-9B3C-3F418AE91D55}.Release|x64.ActiveCfg = Release|Any CPU
		{42CF5480-5208-45B3-9B3C-3F418AE91D55}.Release|x64.Build.0 = Release|Any CPU
		{42CF5480-5208-45B3-9B3C-3F418AE91D55}.Release|x86.ActiveCfg = Release|Any CPU
		{42CF5480-5208-45B3-9B3C-3F418AE91D55}.Release|x86.Build.0 = Release|Any CPU
		{EF536292-EB53-45B8-8C36-470AD71B0ABB}.Debug|Any CPU.ActiveCfg = Debug|Any CPU
		{EF536292-EB53-45B8-8C36-470AD71B0ABB}.Debug|Any CPU.Build.0 = Debug|Any CPU
		{EF536292-EB53-45B8-8C36-470AD71B0ABB}.Debug|ARM.ActiveCfg = Debug|Any CPU
		{EF536292-EB53-45B8-8C36-470AD71B0ABB}.Debug|ARM.Build.0 = Debug|Any CPU
		{EF536292-EB53-45B8-8C36-470AD71B0ABB}.Debug|x64.ActiveCfg = Debug|Any CPU
		{EF536292-EB53-45B8-8C36-470AD71B0ABB}.Debug|x64.Build.0 = Debug|Any CPU
		{EF536292-EB53-45B8-8C36-470AD71B0ABB}.Debug|x86.ActiveCfg = Debug|Any CPU
		{EF536292-EB53-45B8-8C36-470AD71B0ABB}.Debug|x86.Build.0 = Debug|Any CPU
		{EF536292-EB53-45B8-8C36-470AD71B0ABB}.Release|Any CPU.ActiveCfg = Release|Any CPU
		{EF536292-EB53-45B8-8C36-470AD71B0ABB}.Release|Any CPU.Build.0 = Release|Any CPU
		{EF536292-EB53-45B8-8C36-470AD71B0ABB}.Release|ARM.ActiveCfg = Release|Any CPU
		{EF536292-EB53-45B8-8C36-470AD71B0ABB}.Release|ARM.Build.0 = Release|Any CPU
		{EF536292-EB53-45B8-8C36-470AD71B0ABB}.Release|x64.ActiveCfg = Release|Any CPU
		{EF536292-EB53-45B8-8C36-470AD71B0ABB}.Release|x64.Build.0 = Release|Any CPU
		{EF536292-EB53-45B8-8C36-470AD71B0ABB}.Release|x86.ActiveCfg = Release|Any CPU
		{EF536292-EB53-45B8-8C36-470AD71B0ABB}.Release|x86.Build.0 = Release|Any CPU
		{891F3E0A-D3D1-4562-9BC8-18989C0F6D62}.Debug|Any CPU.ActiveCfg = Debug|x86
		{891F3E0A-D3D1-4562-9BC8-18989C0F6D62}.Debug|ARM.ActiveCfg = Debug|ARM
		{891F3E0A-D3D1-4562-9BC8-18989C0F6D62}.Debug|ARM.Build.0 = Debug|ARM
		{891F3E0A-D3D1-4562-9BC8-18989C0F6D62}.Debug|ARM.Deploy.0 = Debug|ARM
		{891F3E0A-D3D1-4562-9BC8-18989C0F6D62}.Debug|x64.ActiveCfg = Debug|x64
		{891F3E0A-D3D1-4562-9BC8-18989C0F6D62}.Debug|x64.Build.0 = Debug|x64
		{891F3E0A-D3D1-4562-9BC8-18989C0F6D62}.Debug|x64.Deploy.0 = Debug|x64
		{891F3E0A-D3D1-4562-9BC8-18989C0F6D62}.Debug|x86.ActiveCfg = Debug|x86
		{891F3E0A-D3D1-4562-9BC8-18989C0F6D62}.Debug|x86.Build.0 = Debug|x86
		{891F3E0A-D3D1-4562-9BC8-18989C0F6D62}.Debug|x86.Deploy.0 = Debug|x86
		{891F3E0A-D3D1-4562-9BC8-18989C0F6D62}.Release|Any CPU.ActiveCfg = Release|x86
		{891F3E0A-D3D1-4562-9BC8-18989C0F6D62}.Release|ARM.ActiveCfg = Release|ARM
		{891F3E0A-D3D1-4562-9BC8-18989C0F6D62}.Release|ARM.Build.0 = Release|ARM
		{891F3E0A-D3D1-4562-9BC8-18989C0F6D62}.Release|ARM.Deploy.0 = Release|ARM
		{891F3E0A-D3D1-4562-9BC8-18989C0F6D62}.Release|x64.ActiveCfg = Release|x64
		{891F3E0A-D3D1-4562-9BC8-18989C0F6D62}.Release|x64.Build.0 = Release|x64
		{891F3E0A-D3D1-4562-9BC8-18989C0F6D62}.Release|x64.Deploy.0 = Release|x64
		{891F3E0A-D3D1-4562-9BC8-18989C0F6D62}.Release|x86.ActiveCfg = Release|x86
		{891F3E0A-D3D1-4562-9BC8-18989C0F6D62}.Release|x86.Build.0 = Release|x86
		{891F3E0A-D3D1-4562-9BC8-18989C0F6D62}.Release|x86.Deploy.0 = Release|x86
		{D17F9494-1C1D-4545-BF2B-70B7DA5F11CA}.Debug|Any CPU.ActiveCfg = Debug|Any CPU
		{D17F9494-1C1D-4545-BF2B-70B7DA5F11CA}.Debug|Any CPU.Build.0 = Debug|Any CPU
		{D17F9494-1C1D-4545-BF2B-70B7DA5F11CA}.Debug|ARM.ActiveCfg = Debug|Any CPU
		{D17F9494-1C1D-4545-BF2B-70B7DA5F11CA}.Debug|ARM.Build.0 = Debug|Any CPU
		{D17F9494-1C1D-4545-BF2B-70B7DA5F11CA}.Debug|x64.ActiveCfg = Debug|Any CPU
		{D17F9494-1C1D-4545-BF2B-70B7DA5F11CA}.Debug|x64.Build.0 = Debug|Any CPU
		{D17F9494-1C1D-4545-BF2B-70B7DA5F11CA}.Debug|x86.ActiveCfg = Debug|Any CPU
		{D17F9494-1C1D-4545-BF2B-70B7DA5F11CA}.Debug|x86.Build.0 = Debug|Any CPU
		{D17F9494-1C1D-4545-BF2B-70B7DA5F11CA}.Release|Any CPU.ActiveCfg = Release|Any CPU
		{D17F9494-1C1D-4545-BF2B-70B7DA5F11CA}.Release|Any CPU.Build.0 = Release|Any CPU
		{D17F9494-1C1D-4545-BF2B-70B7DA5F11CA}.Release|ARM.ActiveCfg = Release|Any CPU
		{D17F9494-1C1D-4545-BF2B-70B7DA5F11CA}.Release|ARM.Build.0 = Release|Any CPU
		{D17F9494-1C1D-4545-BF2B-70B7DA5F11CA}.Release|x64.ActiveCfg = Release|Any CPU
		{D17F9494-1C1D-4545-BF2B-70B7DA5F11CA}.Release|x64.Build.0 = Release|Any CPU
		{D17F9494-1C1D-4545-BF2B-70B7DA5F11CA}.Release|x86.ActiveCfg = Release|Any CPU
		{D17F9494-1C1D-4545-BF2B-70B7DA5F11CA}.Release|x86.Build.0 = Release|Any CPU
		{5376BD9C-DBF6-468F-BD22-8762071A96D9}.Debug|Any CPU.ActiveCfg = Debug|Any CPU
		{5376BD9C-DBF6-468F-BD22-8762071A96D9}.Debug|Any CPU.Build.0 = Debug|Any CPU
		{5376BD9C-DBF6-468F-BD22-8762071A96D9}.Debug|ARM.ActiveCfg = Debug|Any CPU
		{5376BD9C-DBF6-468F-BD22-8762071A96D9}.Debug|ARM.Build.0 = Debug|Any CPU
		{5376BD9C-DBF6-468F-BD22-8762071A96D9}.Debug|x64.ActiveCfg = Debug|Any CPU
		{5376BD9C-DBF6-468F-BD22-8762071A96D9}.Debug|x64.Build.0 = Debug|Any CPU
		{5376BD9C-DBF6-468F-BD22-8762071A96D9}.Debug|x86.ActiveCfg = Debug|Any CPU
		{5376BD9C-DBF6-468F-BD22-8762071A96D9}.Debug|x86.Build.0 = Debug|Any CPU
		{5376BD9C-DBF6-468F-BD22-8762071A96D9}.Release|Any CPU.ActiveCfg = Release|Any CPU
		{5376BD9C-DBF6-468F-BD22-8762071A96D9}.Release|Any CPU.Build.0 = Release|Any CPU
		{5376BD9C-DBF6-468F-BD22-8762071A96D9}.Release|ARM.ActiveCfg = Release|Any CPU
		{5376BD9C-DBF6-468F-BD22-8762071A96D9}.Release|ARM.Build.0 = Release|Any CPU
		{5376BD9C-DBF6-468F-BD22-8762071A96D9}.Release|x64.ActiveCfg = Release|Any CPU
		{5376BD9C-DBF6-468F-BD22-8762071A96D9}.Release|x64.Build.0 = Release|Any CPU
		{5376BD9C-DBF6-468F-BD22-8762071A96D9}.Release|x86.ActiveCfg = Release|Any CPU
		{5376BD9C-DBF6-468F-BD22-8762071A96D9}.Release|x86.Build.0 = Release|Any CPU
		{93CD9F31-5BBC-421A-9DA8-D46F10C44686}.Debug|Any CPU.ActiveCfg = Debug|Any CPU
		{93CD9F31-5BBC-421A-9DA8-D46F10C44686}.Debug|Any CPU.Build.0 = Debug|Any CPU
		{93CD9F31-5BBC-421A-9DA8-D46F10C44686}.Debug|ARM.ActiveCfg = Debug|Any CPU
		{93CD9F31-5BBC-421A-9DA8-D46F10C44686}.Debug|ARM.Build.0 = Debug|Any CPU
		{93CD9F31-5BBC-421A-9DA8-D46F10C44686}.Debug|x64.ActiveCfg = Debug|Any CPU
		{93CD9F31-5BBC-421A-9DA8-D46F10C44686}.Debug|x64.Build.0 = Debug|Any CPU
		{93CD9F31-5BBC-421A-9DA8-D46F10C44686}.Debug|x86.ActiveCfg = Debug|Any CPU
		{93CD9F31-5BBC-421A-9DA8-D46F10C44686}.Debug|x86.Build.0 = Debug|Any CPU
		{93CD9F31-5BBC-421A-9DA8-D46F10C44686}.Release|Any CPU.ActiveCfg = Release|Any CPU
		{93CD9F31-5BBC-421A-9DA8-D46F10C44686}.Release|Any CPU.Build.0 = Release|Any CPU
		{93CD9F31-5BBC-421A-9DA8-D46F10C44686}.Release|ARM.ActiveCfg = Release|Any CPU
		{93CD9F31-5BBC-421A-9DA8-D46F10C44686}.Release|ARM.Build.0 = Release|Any CPU
		{93CD9F31-5BBC-421A-9DA8-D46F10C44686}.Release|x64.ActiveCfg = Release|Any CPU
		{93CD9F31-5BBC-421A-9DA8-D46F10C44686}.Release|x64.Build.0 = Release|Any CPU
		{93CD9F31-5BBC-421A-9DA8-D46F10C44686}.Release|x86.ActiveCfg = Release|Any CPU
		{93CD9F31-5BBC-421A-9DA8-D46F10C44686}.Release|x86.Build.0 = Release|Any CPU
		{E458322F-D596-42CB-9CBE-6AC6C6353D1B}.Debug|Any CPU.ActiveCfg = Debug|Any CPU
		{E458322F-D596-42CB-9CBE-6AC6C6353D1B}.Debug|Any CPU.Build.0 = Debug|Any CPU
		{E458322F-D596-42CB-9CBE-6AC6C6353D1B}.Debug|ARM.ActiveCfg = Debug|Any CPU
		{E458322F-D596-42CB-9CBE-6AC6C6353D1B}.Debug|ARM.Build.0 = Debug|Any CPU
		{E458322F-D596-42CB-9CBE-6AC6C6353D1B}.Debug|x64.ActiveCfg = Debug|Any CPU
		{E458322F-D596-42CB-9CBE-6AC6C6353D1B}.Debug|x64.Build.0 = Debug|Any CPU
		{E458322F-D596-42CB-9CBE-6AC6C6353D1B}.Debug|x86.ActiveCfg = Debug|Any CPU
		{E458322F-D596-42CB-9CBE-6AC6C6353D1B}.Debug|x86.Build.0 = Debug|Any CPU
		{E458322F-D596-42CB-9CBE-6AC6C6353D1B}.Release|Any CPU.ActiveCfg = Release|Any CPU
		{E458322F-D596-42CB-9CBE-6AC6C6353D1B}.Release|Any CPU.Build.0 = Release|Any CPU
		{E458322F-D596-42CB-9CBE-6AC6C6353D1B}.Release|ARM.ActiveCfg = Release|Any CPU
		{E458322F-D596-42CB-9CBE-6AC6C6353D1B}.Release|ARM.Build.0 = Release|Any CPU
		{E458322F-D596-42CB-9CBE-6AC6C6353D1B}.Release|x64.ActiveCfg = Release|Any CPU
		{E458322F-D596-42CB-9CBE-6AC6C6353D1B}.Release|x64.Build.0 = Release|Any CPU
		{E458322F-D596-42CB-9CBE-6AC6C6353D1B}.Release|x86.ActiveCfg = Release|Any CPU
		{E458322F-D596-42CB-9CBE-6AC6C6353D1B}.Release|x86.Build.0 = Release|Any CPU
		{58D0E0F6-9DBD-4290-AA11-A79F6F149E2D}.Debug|Any CPU.ActiveCfg = Debug|Any CPU
		{58D0E0F6-9DBD-4290-AA11-A79F6F149E2D}.Debug|Any CPU.Build.0 = Debug|Any CPU
		{58D0E0F6-9DBD-4290-AA11-A79F6F149E2D}.Debug|ARM.ActiveCfg = Debug|Any CPU
		{58D0E0F6-9DBD-4290-AA11-A79F6F149E2D}.Debug|ARM.Build.0 = Debug|Any CPU
		{58D0E0F6-9DBD-4290-AA11-A79F6F149E2D}.Debug|x64.ActiveCfg = Debug|Any CPU
		{58D0E0F6-9DBD-4290-AA11-A79F6F149E2D}.Debug|x64.Build.0 = Debug|Any CPU
		{58D0E0F6-9DBD-4290-AA11-A79F6F149E2D}.Debug|x86.ActiveCfg = Debug|Any CPU
		{58D0E0F6-9DBD-4290-AA11-A79F6F149E2D}.Debug|x86.Build.0 = Debug|Any CPU
		{58D0E0F6-9DBD-4290-AA11-A79F6F149E2D}.Release|Any CPU.ActiveCfg = Release|Any CPU
		{58D0E0F6-9DBD-4290-AA11-A79F6F149E2D}.Release|Any CPU.Build.0 = Release|Any CPU
		{58D0E0F6-9DBD-4290-AA11-A79F6F149E2D}.Release|ARM.ActiveCfg = Release|Any CPU
		{58D0E0F6-9DBD-4290-AA11-A79F6F149E2D}.Release|ARM.Build.0 = Release|Any CPU
		{58D0E0F6-9DBD-4290-AA11-A79F6F149E2D}.Release|x64.ActiveCfg = Release|Any CPU
		{58D0E0F6-9DBD-4290-AA11-A79F6F149E2D}.Release|x64.Build.0 = Release|Any CPU
		{58D0E0F6-9DBD-4290-AA11-A79F6F149E2D}.Release|x86.ActiveCfg = Release|Any CPU
		{58D0E0F6-9DBD-4290-AA11-A79F6F149E2D}.Release|x86.Build.0 = Release|Any CPU
		{21C850FB-D78A-4DD2-9A89-56BB94B1B034}.Debug|Any CPU.ActiveCfg = Debug|Any CPU
		{21C850FB-D78A-4DD2-9A89-56BB94B1B034}.Debug|Any CPU.Build.0 = Debug|Any CPU
		{21C850FB-D78A-4DD2-9A89-56BB94B1B034}.Debug|ARM.ActiveCfg = Debug|Any CPU
		{21C850FB-D78A-4DD2-9A89-56BB94B1B034}.Debug|ARM.Build.0 = Debug|Any CPU
		{21C850FB-D78A-4DD2-9A89-56BB94B1B034}.Debug|x64.ActiveCfg = Debug|Any CPU
		{21C850FB-D78A-4DD2-9A89-56BB94B1B034}.Debug|x64.Build.0 = Debug|Any CPU
		{21C850FB-D78A-4DD2-9A89-56BB94B1B034}.Debug|x86.ActiveCfg = Debug|Any CPU
		{21C850FB-D78A-4DD2-9A89-56BB94B1B034}.Debug|x86.Build.0 = Debug|Any CPU
		{21C850FB-D78A-4DD2-9A89-56BB94B1B034}.Release|Any CPU.ActiveCfg = Release|Any CPU
		{21C850FB-D78A-4DD2-9A89-56BB94B1B034}.Release|Any CPU.Build.0 = Release|Any CPU
		{21C850FB-D78A-4DD2-9A89-56BB94B1B034}.Release|ARM.ActiveCfg = Release|Any CPU
		{21C850FB-D78A-4DD2-9A89-56BB94B1B034}.Release|ARM.Build.0 = Release|Any CPU
		{21C850FB-D78A-4DD2-9A89-56BB94B1B034}.Release|x64.ActiveCfg = Release|Any CPU
		{21C850FB-D78A-4DD2-9A89-56BB94B1B034}.Release|x64.Build.0 = Release|Any CPU
		{21C850FB-D78A-4DD2-9A89-56BB94B1B034}.Release|x86.ActiveCfg = Release|Any CPU
		{21C850FB-D78A-4DD2-9A89-56BB94B1B034}.Release|x86.Build.0 = Release|Any CPU
		{FE9C95DE-7EEE-452D-987A-CDD7F84667E0}.Debug|Any CPU.ActiveCfg = Debug|Any CPU
		{FE9C95DE-7EEE-452D-987A-CDD7F84667E0}.Debug|Any CPU.Build.0 = Debug|Any CPU
		{FE9C95DE-7EEE-452D-987A-CDD7F84667E0}.Debug|ARM.ActiveCfg = Debug|Any CPU
		{FE9C95DE-7EEE-452D-987A-CDD7F84667E0}.Debug|ARM.Build.0 = Debug|Any CPU
		{FE9C95DE-7EEE-452D-987A-CDD7F84667E0}.Debug|x64.ActiveCfg = Debug|Any CPU
		{FE9C95DE-7EEE-452D-987A-CDD7F84667E0}.Debug|x64.Build.0 = Debug|Any CPU
		{FE9C95DE-7EEE-452D-987A-CDD7F84667E0}.Debug|x86.ActiveCfg = Debug|Any CPU
		{FE9C95DE-7EEE-452D-987A-CDD7F84667E0}.Debug|x86.Build.0 = Debug|Any CPU
		{FE9C95DE-7EEE-452D-987A-CDD7F84667E0}.Release|Any CPU.ActiveCfg = Release|Any CPU
		{FE9C95DE-7EEE-452D-987A-CDD7F84667E0}.Release|Any CPU.Build.0 = Release|Any CPU
		{FE9C95DE-7EEE-452D-987A-CDD7F84667E0}.Release|ARM.ActiveCfg = Release|Any CPU
		{FE9C95DE-7EEE-452D-987A-CDD7F84667E0}.Release|ARM.Build.0 = Release|Any CPU
		{FE9C95DE-7EEE-452D-987A-CDD7F84667E0}.Release|x64.ActiveCfg = Release|Any CPU
		{FE9C95DE-7EEE-452D-987A-CDD7F84667E0}.Release|x64.Build.0 = Release|Any CPU
		{FE9C95DE-7EEE-452D-987A-CDD7F84667E0}.Release|x86.ActiveCfg = Release|Any CPU
		{FE9C95DE-7EEE-452D-987A-CDD7F84667E0}.Release|x86.Build.0 = Release|Any CPU
	EndGlobalSection
	GlobalSection(SolutionProperties) = preSolution
		HideSolutionNode = FALSE
	EndGlobalSection
	GlobalSection(NestedProjects) = preSolution
		{E458322F-D596-42CB-9CBE-6AC6C6353D1B} = {44790559-6025-43FB-83EF-824F8FF55D7D}
		{58D0E0F6-9DBD-4290-AA11-A79F6F149E2D} = {44790559-6025-43FB-83EF-824F8FF55D7D}
		{FE9C95DE-7EEE-452D-987A-CDD7F84667E0} = {44790559-6025-43FB-83EF-824F8FF55D7D}
	EndGlobalSection
	GlobalSection(ExtensibilityGlobals) = postSolution
		SolutionGuid = {9CEF9204-FAC3-4431-B6C7-968A33EC6952}
	EndGlobalSection
EndGlobal
